
Microsoft Visual Studio Solution File, Format Version 12.00
# Visual Studio Version 16
VisualStudioVersion = 16.0.30717.126
MinimumVisualStudioVersion = 10.0.40219.1
Project("{FAE04EC0-301F-11D3-BF4B-00C04F79EFBC}") = "CApp", "CApp.csproj", "{05F87D4E-445C-4B09-8B85-29D4375C7B13}"
EndProject
Global
	GlobalSection(SolutionConfigurationPlatforms) = preSolution
		Debug|Any CPU = Debug|Any CPU
		Release|Any CPU = Release|Any CPU
	EndGlobalSection
	GlobalSection(ProjectConfigurationPlatforms) = postSolution
		{05F87D4E-445C-4B09-8B85-29D4375C7B13}.Debug|Any CPU.ActiveCfg = Debug|Any CPU
		{05F87D4E-445C-4B09-8B85-29D4375C7B13}.Debug|Any CPU.Build.0 = Debug|Any CPU
		{05F87D4E-445C-4B09-8B85-29D4375C7B13}.Release|Any CPU.ActiveCfg = Release|Any CPU
		{05F87D4E-445C-4B09-8B85-29D4375C7B13}.Release|Any CPU.Build.0 = Release|Any CPU
	EndGlobalSection
	GlobalSection(SolutionProperties) = preSolution
		HideSolutionNode = FALSE
	EndGlobalSection
	GlobalSection(ExtensibilityGlobals) = postSolution
		SolutionGuid = {485EB066-461E-42FE-95CD-34D3A1FD13D4}
	EndGlobalSection
EndGlobal
